// !$*UTF8*$!
{
	archiveVersion = 1;
	classes = {
	};
	objectVersion = 46;
	objects = {

/* Begin PBXBuildFile section */
		62567D4819F3233900F33BB8 /* FarmLogo.png in Resources */ = {isa = PBXBuildFile; fileRef = 62567D4519F3233900F33BB8 /* FarmLogo.png */; };
		62567D4919F3233900F33BB8 /* ipadBackground.jpg in Resources */ = {isa = PBXBuildFile; fileRef = 62567D4619F3233900F33BB8 /* ipadBackground.jpg */; };
		62567D4A19F3233900F33BB8 /* TriviaramaLogo.png in Resources */ = {isa = PBXBuildFile; fileRef = 62567D4719F3233900F33BB8 /* TriviaramaLogo.png */; };
		62567D4D19F327D200F33BB8 /* BotonScores.png in Resources */ = {isa = PBXBuildFile; fileRef = 62567D4B19F327D200F33BB8 /* BotonScores.png */; };
		62567D4E19F327D200F33BB8 /* BotonStart.png in Resources */ = {isa = PBXBuildFile; fileRef = 62567D4C19F327D200F33BB8 /* BotonStart.png */; };
		62567D5019F32A0900F33BB8 /* ipadBackgroundPantallaInicio.jpg in Resources */ = {isa = PBXBuildFile; fileRef = 62567D4F19F32A0900F33BB8 /* ipadBackgroundPantallaInicio.jpg */; };
		62896C4019F31E6C00224684 /* main.m in Sources */ = {isa = PBXBuildFile; fileRef = 62896C3F19F31E6C00224684 /* main.m */; };
		62896C4319F31E6C00224684 /* AppDelegate.m in Sources */ = {isa = PBXBuildFile; fileRef = 62896C4219F31E6C00224684 /* AppDelegate.m */; };
		62896C4619F31E6C00224684 /* ViewController.m in Sources */ = {isa = PBXBuildFile; fileRef = 62896C4519F31E6C00224684 /* ViewController.m */; };
		62896C4919F31E6C00224684 /* Main.storyboard in Resources */ = {isa = PBXBuildFile; fileRef = 62896C4719F31E6C00224684 /* Main.storyboard */; };
		62896C4B19F31E6C00224684 /* Images.xcassets in Resources */ = {isa = PBXBuildFile; fileRef = 62896C4A19F31E6C00224684 /* Images.xcassets */; };
		62896C4E19F31E6C00224684 /* LaunchScreen.xib in Resources */ = {isa = PBXBuildFile; fileRef = 62896C4C19F31E6C00224684 /* LaunchScreen.xib */; };
		62896C5A19F31E6C00224684 /* TriviaramaTests.m in Sources */ = {isa = PBXBuildFile; fileRef = 62896C5919F31E6C00224684 /* TriviaramaTests.m */; };
/* End PBXBuildFile section */

/* Begin PBXContainerItemProxy section */
		62896C5419F31E6C00224684 /* PBXContainerItemProxy */ = {
			isa = PBXContainerItemProxy;
			containerPortal = 62896C3219F31E6C00224684 /* Project object */;
			proxyType = 1;
			remoteGlobalIDString = 62896C3919F31E6C00224684;
			remoteInfo = Triviarama;
		};
/* End PBXContainerItemProxy section */

/* Begin PBXFileReference section */
		62567D4519F3233900F33BB8 /* FarmLogo.png */ = {isa = PBXFileReference; lastKnownFileType = image.png; path = FarmLogo.png; sourceTree = "<group>"; };
		62567D4619F3233900F33BB8 /* ipadBackground.jpg */ = {isa = PBXFileReference; lastKnownFileType = image.jpeg; path = ipadBackground.jpg; sourceTree = "<group>"; };
		62567D4719F3233900F33BB8 /* TriviaramaLogo.png */ = {isa = PBXFileReference; lastKnownFileType = image.png; path = TriviaramaLogo.png; sourceTree = "<group>"; };
		62567D4B19F327D200F33BB8 /* BotonScores.png */ = {isa = PBXFileReference; lastKnownFileType = image.png; path = BotonScores.png; sourceTree = "<group>"; };
		62567D4C19F327D200F33BB8 /* BotonStart.png */ = {isa = PBXFileReference; lastKnownFileType = image.png; path = BotonStart.png; sourceTree = "<group>"; };
		62567D4F19F32A0900F33BB8 /* ipadBackgroundPantallaInicio.jpg */ = {isa = PBXFileReference; lastKnownFileType = image.jpeg; path = ipadBackgroundPantallaInicio.jpg; sourceTree = "<group>"; };
		62896C3A19F31E6C00224684 /* Triviarama.app */ = {isa = PBXFileReference; explicitFileType = wrapper.application; includeInIndex = 0; path = Triviarama.app; sourceTree = BUILT_PRODUCTS_DIR; };
		62896C3E19F31E6C00224684 /* Info.plist */ = {isa = PBXFileReference; lastKnownFileType = text.plist.xml; path = Info.plist; sourceTree = "<group>"; };
		62896C3F19F31E6C00224684 /* main.m */ = {isa = PBXFileReference; lastKnownFileType = sourcecode.c.objc; path = main.m; sourceTree = "<group>"; };
		62896C4119F31E6C00224684 /* AppDelegate.h */ = {isa = PBXFileReference; lastKnownFileType = sourcecode.c.h; path = AppDelegate.h; sourceTree = "<group>"; };
		62896C4219F31E6C00224684 /* AppDelegate.m */ = {isa = PBXFileReference; lastKnownFileType = sourcecode.c.objc; path = AppDelegate.m; sourceTree = "<group>"; };
		62896C4419F31E6C00224684 /* ViewController.h */ = {isa = PBXFileReference; lastKnownFileType = sourcecode.c.h; path = ViewController.h; sourceTree = "<group>"; };
		62896C4519F31E6C00224684 /* ViewController.m */ = {isa = PBXFileReference; lastKnownFileType = sourcecode.c.objc; path = ViewController.m; sourceTree = "<group>"; };
		62896C4819F31E6C00224684 /* Base */ = {isa = PBXFileReference; lastKnownFileType = file.storyboard; name = Base; path = Base.lproj/Main.storyboard; sourceTree = "<group>"; };
		62896C4A19F31E6C00224684 /* Images.xcassets */ = {isa = PBXFileReference; lastKnownFileType = folder.assetcatalog; path = Images.xcassets; sourceTree = "<group>"; };
		62896C4D19F31E6C00224684 /* Base */ = {isa = PBXFileReference; lastKnownFileType = file.xib; name = Base; path = Base.lproj/LaunchScreen.xib; sourceTree = "<group>"; };
		62896C5319F31E6C00224684 /* TriviaramaTests.xctest */ = {isa = PBXFileReference; explicitFileType = wrapper.cfbundle; includeInIndex = 0; path = TriviaramaTests.xctest; sourceTree = BUILT_PRODUCTS_DIR; };
		62896C5819F31E6C00224684 /* Info.plist */ = {isa = PBXFileReference; lastKnownFileType = text.plist.xml; path = Info.plist; sourceTree = "<group>"; };
		62896C5919F31E6C00224684 /* TriviaramaTests.m */ = {isa = PBXFileReference; lastKnownFileType = sourcecode.c.objc; path = TriviaramaTests.m; sourceTree = "<group>"; };
/* End PBXFileReference section */

/* Begin PBXFrameworksBuildPhase section */
		62896C3719F31E6C00224684 /* Frameworks */ = {
			isa = PBXFrameworksBuildPhase;
			buildActionMask = 2147483647;
			files = (
			);
			runOnlyForDeploymentPostprocessing = 0;
		};
		62896C5019F31E6C00224684 /* Frameworks */ = {
			isa = PBXFrameworksBuildPhase;
			buildActionMask = 2147483647;
			files = (
			);
			runOnlyForDeploymentPostprocessing = 0;
		};
/* End PBXFrameworksBuildPhase section */

/* Begin PBXGroup section */
		62567D4419F322A800F33BB8 /* images */ = {
			isa = PBXGroup;
			children = (
				62567D4F19F32A0900F33BB8 /* ipadBackgroundPantallaInicio.jpg */,
				62567D4B19F327D200F33BB8 /* BotonScores.png */,
				62567D4C19F327D200F33BB8 /* BotonStart.png */,
				62567D4519F3233900F33BB8 /* FarmLogo.png */,
				62567D4619F3233900F33BB8 /* ipadBackground.jpg */,
				62567D4719F3233900F33BB8 /* TriviaramaLogo.png */,
			);
			name = images;
			sourceTree = "<group>";
		};
		62896C3119F31E6C00224684 = {
			isa = PBXGroup;
			children = (
				62896C3C19F31E6C00224684 /* Triviarama */,
				62896C5619F31E6C00224684 /* TriviaramaTests */,
				62896C3B19F31E6C00224684 /* Products */,
			);
			sourceTree = "<group>";
		};
		62896C3B19F31E6C00224684 /* Products */ = {
			isa = PBXGroup;
			children = (
				62896C3A19F31E6C00224684 /* Triviarama.app */,
				62896C5319F31E6C00224684 /* TriviaramaTests.xctest */,
			);
			name = Products;
			sourceTree = "<group>";
		};
		62896C3C19F31E6C00224684 /* Triviarama */ = {
			isa = PBXGroup;
			children = (
				62567D4419F322A800F33BB8 /* images */,
				62896C4119F31E6C00224684 /* AppDelegate.h */,
				62896C4219F31E6C00224684 /* AppDelegate.m */,
				62896C4419F31E6C00224684 /* ViewController.h */,
				62896C4519F31E6C00224684 /* ViewController.m */,
				62896C4719F31E6C00224684 /* Main.storyboard */,
				62896C4A19F31E6C00224684 /* Images.xcassets */,
				62896C4C19F31E6C00224684 /* LaunchScreen.xib */,
				62896C3D19F31E6C00224684 /* Supporting Files */,
			);
			path = Triviarama;
			sourceTree = "<group>";
		};
		62896C3D19F31E6C00224684 /* Supporting Files */ = {
			isa = PBXGroup;
			children = (
				62896C3E19F31E6C00224684 /* Info.plist */,
				62896C3F19F31E6C00224684 /* main.m */,
			);
			name = "Supporting Files";
			sourceTree = "<group>";
		};
		62896C5619F31E6C00224684 /* TriviaramaTests */ = {
			isa = PBXGroup;
			children = (
				62896C5919F31E6C00224684 /* TriviaramaTests.m */,
				62896C5719F31E6C00224684 /* Supporting Files */,
			);
			path = TriviaramaTests;
			sourceTree = "<group>";
		};
		62896C5719F31E6C00224684 /* Supporting Files */ = {
			isa = PBXGroup;
			children = (
				62896C5819F31E6C00224684 /* Info.plist */,
			);
			name = "Supporting Files";
			sourceTree = "<group>";
		};
/* End PBXGroup section */

/* Begin PBXNativeTarget section */
		62896C3919F31E6C00224684 /* Triviarama */ = {
			isa = PBXNativeTarget;
			buildConfigurationList = 62896C5D19F31E6C00224684 /* Build configuration list for PBXNativeTarget "Triviarama" */;
			buildPhases = (
				62896C3619F31E6C00224684 /* Sources */,
				62896C3719F31E6C00224684 /* Frameworks */,
				62896C3819F31E6C00224684 /* Resources */,
			);
			buildRules = (
			);
			dependencies = (
			);
			name = Triviarama;
			productName = Triviarama;
			productReference = 62896C3A19F31E6C00224684 /* Triviarama.app */;
			productType = "com.apple.product-type.application";
		};
		62896C5219F31E6C00224684 /* TriviaramaTests */ = {
			isa = PBXNativeTarget;
			buildConfigurationList = 62896C6019F31E6C00224684 /* Build configuration list for PBXNativeTarget "TriviaramaTests" */;
			buildPhases = (
				62896C4F19F31E6C00224684 /* Sources */,
				62896C5019F31E6C00224684 /* Frameworks */,
				62896C5119F31E6C00224684 /* Resources */,
			);
			buildRules = (
			);
			dependencies = (
				62896C5519F31E6C00224684 /* PBXTargetDependency */,
			);
			name = TriviaramaTests;
			productName = TriviaramaTests;
			productReference = 62896C5319F31E6C00224684 /* TriviaramaTests.xctest */;
			productType = "com.apple.product-type.bundle.unit-test";
		};
/* End PBXNativeTarget section */

/* Begin PBXProject section */
		62896C3219F31E6C00224684 /* Project object */ = {
			isa = PBXProject;
			attributes = {
				LastUpgradeCheck = 0600;
				ORGANIZATIONNAME = ITESM;
				TargetAttributes = {
					62896C3919F31E6C00224684 = {
						CreatedOnToolsVersion = 6.0.1;
					};
					62896C5219F31E6C00224684 = {
						CreatedOnToolsVersion = 6.0.1;
						TestTargetID = 62896C3919F31E6C00224684;
					};
				};
			};
			buildConfigurationList = 62896C3519F31E6C00224684 /* Build configuration list for PBXProject "Triviarama" */;
			compatibilityVersion = "Xcode 3.2";
			developmentRegion = English;
			hasScannedForEncodings = 0;
			knownRegions = (
				en,
				Base,
			);
			mainGroup = 62896C3119F31E6C00224684;
			productRefGroup = 62896C3B19F31E6C00224684 /* Products */;
			projectDirPath = "";
			projectRoot = "";
			targets = (
				62896C3919F31E6C00224684 /* Triviarama */,
				62896C5219F31E6C00224684 /* TriviaramaTests */,
			);
		};
/* End PBXProject section */

/* Begin PBXResourcesBuildPhase section */
		62896C3819F31E6C00224684 /* Resources */ = {
			isa = PBXResourcesBuildPhase;
			buildActionMask = 2147483647;
			files = (
				62896C4919F31E6C00224684 /* Main.storyboard in Resources */,
				62567D4E19F327D200F33BB8 /* BotonStart.png in Resources */,
				62896C4E19F31E6C00224684 /* LaunchScreen.xib in Resources */,
				62567D4D19F327D200F33BB8 /* BotonScores.png in Resources */,
				62567D4819F3233900F33BB8 /* FarmLogo.png in Resources */,
				62896C4B19F31E6C00224684 /* Images.xcassets in Resources */,
				62567D4A19F3233900F33BB8 /* TriviaramaLogo.png in Resources */,
				62567D5019F32A0900F33BB8 /* ipadBackgroundPantallaInicio.jpg in Resources */,
				62567D4919F3233900F33BB8 /* ipadBackground.jpg in Resources */,
			);
			runOnlyForDeploymentPostprocessing = 0;
		};
		62896C5119F31E6C00224684 /* Resources */ = {
			isa = PBXResourcesBuildPhase;
			buildActionMask = 2147483647;
			files = (
			);
			runOnlyForDeploymentPostprocessing = 0;
		};
/* End PBXResourcesBuildPhase section */

/* Begin PBXSourcesBuildPhase section */
		62896C3619F31E6C00224684 /* Sources */ = {
			isa = PBXSourcesBuildPhase;
			buildActionMask = 2147483647;
			files = (
				62896C4619F31E6C00224684 /* ViewController.m in Sources */,
				62896C4319F31E6C00224684 /* AppDelegate.m in Sources */,
				62896C4019F31E6C00224684 /* main.m in Sources */,
			);
			runOnlyForDeploymentPostprocessing = 0;
		};
		62896C4F19F31E6C00224684 /* Sources */ = {
			isa = PBXSourcesBuildPhase;
			buildActionMask = 2147483647;
			files = (
				62896C5A19F31E6C00224684 /* TriviaramaTests.m in Sources */,
			);
			runOnlyForDeploymentPostprocessing = 0;
		};
/* End PBXSourcesBuildPhase section */

/* Begin PBXTargetDependency section */
		62896C5519F31E6C00224684 /* PBXTargetDependency */ = {
			isa = PBXTargetDependency;
			target = 62896C3919F31E6C00224684 /* Triviarama */;
			targetProxy = 62896C5419F31E6C00224684 /* PBXContainerItemProxy */;
		};
/* End PBXTargetDependency section */

/* Begin PBXVariantGroup section */
		62896C4719F31E6C00224684 /* Main.storyboard */ = {
			isa = PBXVariantGroup;
			children = (
				62896C4819F31E6C00224684 /* Base */,
			);
			name = Main.storyboard;
			sourceTree = "<group>";
		};
		62896C4C19F31E6C00224684 /* LaunchScreen.xib */ = {
			isa = PBXVariantGroup;
			children = (
				62896C4D19F31E6C00224684 /* Base */,
			);
			name = LaunchScreen.xib;
			sourceTree = "<group>";
		};
/* End PBXVariantGroup section */

/* Begin XCBuildConfiguration section */
		62896C5B19F31E6C00224684 /* Debug */ = {
			isa = XCBuildConfiguration;
			buildSettings = {
				ALWAYS_SEARCH_USER_PATHS = NO;
				CLANG_CXX_LANGUAGE_STANDARD = "gnu++0x";
				CLANG_CXX_LIBRARY = "libc++";
				CLANG_ENABLE_MODULES = YES;
				CLANG_ENABLE_OBJC_ARC = YES;
				CLANG_WARN_BOOL_CONVERSION = YES;
				CLANG_WARN_CONSTANT_CONVERSION = YES;
				CLANG_WARN_DIRECT_OBJC_ISA_USAGE = YES_ERROR;
				CLANG_WARN_EMPTY_BODY = YES;
				CLANG_WARN_ENUM_CONVERSION = YES;
				CLANG_WARN_INT_CONVERSION = YES;
				CLANG_WARN_OBJC_ROOT_CLASS = YES_ERROR;
				CLANG_WARN_UNREACHABLE_CODE = YES;
				CLANG_WARN__DUPLICATE_METHOD_MATCH = YES;
				"CODE_SIGN_IDENTITY[sdk=iphoneos*]" = "iPhone Developer";
				COPY_PHASE_STRIP = NO;
				ENABLE_STRICT_OBJC_MSGSEND = YES;
				GCC_C_LANGUAGE_STANDARD = gnu99;
				GCC_DYNAMIC_NO_PIC = NO;
				GCC_OPTIMIZATION_LEVEL = 0;
				GCC_PREPROCESSOR_DEFINITIONS = (
					"DEBUG=1",
					"$(inherited)",
				);
				GCC_SYMBOLS_PRIVATE_EXTERN = NO;
				GCC_WARN_64_TO_32_BIT_CONVERSION = YES;
				GCC_WARN_ABOUT_RETURN_TYPE = YES_ERROR;
				GCC_WARN_UNDECLARED_SELECTOR = YES;
				GCC_WARN_UNINITIALIZED_AUTOS = YES_AGGRESSIVE;
				GCC_WARN_UNUSED_FUNCTION = YES;
				GCC_WARN_UNUSED_VARIABLE = YES;
				IPHONEOS_DEPLOYMENT_TARGET = 8.0;
				MTL_ENABLE_DEBUG_INFO = YES;
				ONLY_ACTIVE_ARCH = YES;
				SDKROOT = iphoneos;
				TARGETED_DEVICE_FAMILY = 2;
			};
			name = Debug;
		};
		62896C5C19F31E6C00224684 /* Release */ = {
			isa = XCBuildConfiguration;
			buildSettings = {
				ALWAYS_SEARCH_USER_PATHS = NO;
				CLANG_CXX_LANGUAGE_STANDARD = "gnu++0x";
				CLANG_CXX_LIBRARY = "libc++";
				CLANG_ENABLE_MODULES = YES;
				CLANG_ENABLE_OBJC_ARC = YES;
				CLANG_WARN_BOOL_CONVERSION = YES;
				CLANG_WARN_CONSTANT_CONVERSION = YES;
				CLANG_WARN_DIRECT_OBJC_ISA_USAGE = YES_ERROR;
				CLANG_WARN_EMPTY_BODY = YES;
				CLANG_WARN_ENUM_CONVERSION = YES;
				CLANG_WARN_INT_CONVERSION = YES;
				CLANG_WARN_OBJC_ROOT_CLASS = YES_ERROR;
				CLANG_WARN_UNREACHABLE_CODE = YES;
				CLANG_WARN__DUPLICATE_METHOD_MATCH = YES;
				"CODE_SIGN_IDENTITY[sdk=iphoneos*]" = "iPhone Developer";
				COPY_PHASE_STRIP = YES;
				ENABLE_NS_ASSERTIONS = NO;
				ENABLE_STRICT_OBJC_MSGSEND = YES;
				GCC_C_LANGUAGE_STANDARD = gnu99;
				GCC_WARN_64_TO_32_BIT_CONVERSION = YES;
				GCC_WARN_ABOUT_RETURN_TYPE = YES_ERROR;
				GCC_WARN_UNDECLARED_SELECTOR = YES;
				GCC_WARN_UNINITIALIZED_AUTOS = YES_AGGRESSIVE;
				GCC_WARN_UNUSED_FUNCTION = YES;
				GCC_WARN_UNUSED_VARIABLE = YES;
				IPHONEOS_DEPLOYMENT_TARGET = 8.0;
				MTL_ENABLE_DEBUG_INFO = NO;
				SDKROOT = iphoneos;
				TARGETED_DEVICE_FAMILY = 2;
				VALIDATE_PRODUCT = YES;
			};
			name = Release;
		};
		62896C5E19F31E6C00224684 /* Debug */ = {
			isa = XCBuildConfiguration;
			buildSettings = {
				ASSETCATALOG_COMPILER_APPICON_NAME = AppIcon;
				INFOPLIST_FILE = Triviarama/Info.plist;
				LD_RUNPATH_SEARCH_PATHS = "$(inherited) @executable_path/Frameworks";
				PRODUCT_NAME = "$(TARGET_NAME)";
			};
			name = Debug;
		};
		62896C5F19F31E6C00224684 /* Release */ = {
			isa = XCBuildConfiguration;
			buildSettings = {
				ASSETCATALOG_COMPILER_APPICON_NAME = AppIcon;
				INFOPLIST_FILE = Triviarama/Info.plist;
				LD_RUNPATH_SEARCH_PATHS = "$(inherited) @executable_path/Frameworks";
				PRODUCT_NAME = "$(TARGET_NAME)";
			};
			name = Release;
		};
		62896C6119F31E6C00224684 /* Debug */ = {
			isa = XCBuildConfiguration;
			buildSettings = {
				BUNDLE_LOADER = "$(TEST_HOST)";
				FRAMEWORK_SEARCH_PATHS = (
					"$(SDKROOT)/Developer/Library/Frameworks",
					"$(inherited)",
				);
				GCC_PREPROCESSOR_DEFINITIONS = (
					"DEBUG=1",
					"$(inherited)",
				);
				INFOPLIST_FILE = TriviaramaTests/Info.plist;
				LD_RUNPATH_SEARCH_PATHS = "$(inherited) @executable_path/Frameworks @loader_path/Frameworks";
				PRODUCT_NAME = "$(TARGET_NAME)";
				TEST_HOST = "$(BUILT_PRODUCTS_DIR)/Triviarama.app/Triviarama";
			};
			name = Debug;
		};
		62896C6219F31E6C00224684 /* Release */ = {
			isa = XCBuildConfiguration;
			buildSettings = {
				BUNDLE_LOADER = "$(TEST_HOST)";
				FRAMEWORK_SEARCH_PATHS = (
					"$(SDKROOT)/Developer/Library/Frameworks",
					"$(inherited)",
				);
				INFOPLIST_FILE = TriviaramaTests/Info.plist;
				LD_RUNPATH_SEARCH_PATHS = "$(inherited) @executable_path/Frameworks @loader_path/Frameworks";
				PRODUCT_NAME = "$(TARGET_NAME)";
				TEST_HOST = "$(BUILT_PRODUCTS_DIR)/Triviarama.app/Triviarama";
			};
			name = Release;
		};
/* End XCBuildConfiguration section */

/* Begin XCConfigurationList section */
		62896C3519F31E6C00224684 /* Build configuration list for PBXProject "Triviarama" */ = {
			isa = XCConfigurationList;
			buildConfigurations = (
				62896C5B19F31E6C00224684 /* Debug */,
				62896C5C19F31E6C00224684 /* Release */,
			);
			defaultConfigurationIsVisible = 0;
			defaultConfigurationName = Release;
		};
		62896C5D19F31E6C00224684 /* Build configuration list for PBXNativeTarget "Triviarama" */ = {
			isa = XCConfigurationList;
			buildConfigurations = (
				62896C5E19F31E6C00224684 /* Debug */,
				62896C5F19F31E6C00224684 /* Release */,
			);
			defaultConfigurationIsVisible = 0;
			defaultConfigurationName = Release;
		};
		62896C6019F31E6C00224684 /* Build configuration list for PBXNativeTarget "TriviaramaTests" */ = {
			isa = XCConfigurationList;
			buildConfigurations = (
				62896C6119F31E6C00224684 /* Debug */,
				62896C6219F31E6C00224684 /* Release */,
			);
			defaultConfigurationIsVisible = 0;
			defaultConfigurationName = Release;
		};
/* End XCConfigurationList section */
	};
	rootObject = 62896C3219F31E6C00224684 /* Project object */;
}
