// !$*UTF8*$!
{
	archiveVersion = 1;
	classes = {
	};
	objectVersion = 46;
	objects = {

/* Begin PBXBuildFile section */
		623C05F619F9B5F500C33725 /* Animals.png in Resources */ = {isa = PBXBuildFile; fileRef = 623C05C919F9B5F500C33725 /* Animals.png */; };
		623C05F719F9B5F500C33725 /* BooksAuthors.png in Resources */ = {isa = PBXBuildFile; fileRef = 623C05CA19F9B5F500C33725 /* BooksAuthors.png */; };
		623C05F819F9B5F500C33725 /* BotonScores.png in Resources */ = {isa = PBXBuildFile; fileRef = 623C05CB19F9B5F500C33725 /* BotonScores.png */; };
		623C05F919F9B5F500C33725 /* BotonStart.png in Resources */ = {isa = PBXBuildFile; fileRef = 623C05CC19F9B5F500C33725 /* BotonStart.png */; };
		623C05FA19F9B5F500C33725 /* CartaAdelanteAmarillo.png in Resources */ = {isa = PBXBuildFile; fileRef = 623C05CD19F9B5F500C33725 /* CartaAdelanteAmarillo.png */; };
		623C05FB19F9B5F500C33725 /* CartaAdelanteAqua.png in Resources */ = {isa = PBXBuildFile; fileRef = 623C05CE19F9B5F500C33725 /* CartaAdelanteAqua.png */; };
		623C05FC19F9B5F500C33725 /* CartaAdelanteAzul.png in Resources */ = {isa = PBXBuildFile; fileRef = 623C05CF19F9B5F500C33725 /* CartaAdelanteAzul.png */; };
		623C05FD19F9B5F500C33725 /* CartaAdelanteNaranja.png in Resources */ = {isa = PBXBuildFile; fileRef = 623C05D019F9B5F500C33725 /* CartaAdelanteNaranja.png */; };
		623C05FE19F9B5F500C33725 /* CartaAdelanteRoja.png in Resources */ = {isa = PBXBuildFile; fileRef = 623C05D119F9B5F500C33725 /* CartaAdelanteRoja.png */; };
		623C05FF19F9B5F500C33725 /* CartaAdelanteRoja2.png in Resources */ = {isa = PBXBuildFile; fileRef = 623C05D219F9B5F500C33725 /* CartaAdelanteRoja2.png */; };
		623C060019F9B5F500C33725 /* CartaAdelanteRosa.png in Resources */ = {isa = PBXBuildFile; fileRef = 623C05D319F9B5F500C33725 /* CartaAdelanteRosa.png */; };
		623C060119F9B5F500C33725 /* CartaAdelanteRosa2.png in Resources */ = {isa = PBXBuildFile; fileRef = 623C05D419F9B5F500C33725 /* CartaAdelanteRosa2.png */; };
		623C060219F9B5F500C33725 /* CartaAdelanteTurquesa.png in Resources */ = {isa = PBXBuildFile; fileRef = 623C05D519F9B5F500C33725 /* CartaAdelanteTurquesa.png */; };
		623C060319F9B5F500C33725 /* CartaAdelanteVerde.png in Resources */ = {isa = PBXBuildFile; fileRef = 623C05D619F9B5F500C33725 /* CartaAdelanteVerde.png */; };
		623C060419F9B5F500C33725 /* CartaAdelanteVerdeClaro.png in Resources */ = {isa = PBXBuildFile; fileRef = 623C05D719F9B5F500C33725 /* CartaAdelanteVerdeClaro.png */; };
		623C060519F9B5F500C33725 /* CartaAtrasAmarillo.png in Resources */ = {isa = PBXBuildFile; fileRef = 623C05D819F9B5F500C33725 /* CartaAtrasAmarillo.png */; };
		623C060619F9B5F500C33725 /* CartaAtrasAqua.png in Resources */ = {isa = PBXBuildFile; fileRef = 623C05D919F9B5F500C33725 /* CartaAtrasAqua.png */; };
		623C060719F9B5F500C33725 /* CartaAtrasAzul.png in Resources */ = {isa = PBXBuildFile; fileRef = 623C05DA19F9B5F500C33725 /* CartaAtrasAzul.png */; };
		623C060819F9B5F500C33725 /* CartaAtrasNaranja.png in Resources */ = {isa = PBXBuildFile; fileRef = 623C05DB19F9B5F500C33725 /* CartaAtrasNaranja.png */; };
		623C060919F9B5F500C33725 /* CartaAtrasRoja.png in Resources */ = {isa = PBXBuildFile; fileRef = 623C05DC19F9B5F500C33725 /* CartaAtrasRoja.png */; };
		623C060A19F9B5F500C33725 /* CartaAtrasRoja2.png in Resources */ = {isa = PBXBuildFile; fileRef = 623C05DD19F9B5F500C33725 /* CartaAtrasRoja2.png */; };
		623C060B19F9B5F500C33725 /* CartaAtrasRosa.png in Resources */ = {isa = PBXBuildFile; fileRef = 623C05DE19F9B5F500C33725 /* CartaAtrasRosa.png */; };
		623C060C19F9B5F500C33725 /* CartaAtrasRosa2.png in Resources */ = {isa = PBXBuildFile; fileRef = 623C05DF19F9B5F500C33725 /* CartaAtrasRosa2.png */; };
		623C060D19F9B5F500C33725 /* CartaAtrasTurquesa.png in Resources */ = {isa = PBXBuildFile; fileRef = 623C05E019F9B5F500C33725 /* CartaAtrasTurquesa.png */; };
		623C060E19F9B5F500C33725 /* CartaAtrasVerde.png in Resources */ = {isa = PBXBuildFile; fileRef = 623C05E119F9B5F500C33725 /* CartaAtrasVerde.png */; };
		623C060F19F9B5F500C33725 /* CartaAtrasVerdeClaro.png in Resources */ = {isa = PBXBuildFile; fileRef = 623C05E219F9B5F500C33725 /* CartaAtrasVerdeClaro.png */; };
		623C061019F9B5F500C33725 /* Farm.png in Resources */ = {isa = PBXBuildFile; fileRef = 623C05E319F9B5F500C33725 /* Farm.png */; };
		623C061119F9B5F500C33725 /* FarmLogo.png in Resources */ = {isa = PBXBuildFile; fileRef = 623C05E419F9B5F500C33725 /* FarmLogo.png */; };
		623C061219F9B5F500C33725 /* Fashion.png in Resources */ = {isa = PBXBuildFile; fileRef = 623C05E519F9B5F500C33725 /* Fashion.png */; };
		623C061319F9B5F500C33725 /* Food.png in Resources */ = {isa = PBXBuildFile; fileRef = 623C05E619F9B5F500C33725 /* Food.png */; };
		623C061419F9B5F500C33725 /* History.png in Resources */ = {isa = PBXBuildFile; fileRef = 623C05E719F9B5F500C33725 /* History.png */; };
		623C061519F9B5F500C33725 /* ipadBackground.jpg in Resources */ = {isa = PBXBuildFile; fileRef = 623C05E819F9B5F500C33725 /* ipadBackground.jpg */; };
		623C061619F9B5F500C33725 /* ipadBackgroundPantallaInicio.jpg in Resources */ = {isa = PBXBuildFile; fileRef = 623C05E919F9B5F500C33725 /* ipadBackgroundPantallaInicio.jpg */; };
		623C061719F9B5F500C33725 /* Loser.png in Resources */ = {isa = PBXBuildFile; fileRef = 623C05EA19F9B5F500C33725 /* Loser.png */; };
		623C061819F9B5F500C33725 /* Menu.png in Resources */ = {isa = PBXBuildFile; fileRef = 623C05EB19F9B5F500C33725 /* Menu.png */; };
		623C061919F9B5F500C33725 /* Movies.png in Resources */ = {isa = PBXBuildFile; fileRef = 623C05EC19F9B5F500C33725 /* Movies.png */; };
		623C061A19F9B5F500C33725 /* PantallaInicioIpad.jpg in Resources */ = {isa = PBXBuildFile; fileRef = 623C05ED19F9B5F500C33725 /* PantallaInicioIpad.jpg */; };
		623C061B19F9B5F500C33725 /* Quotes.png in Resources */ = {isa = PBXBuildFile; fileRef = 623C05EE19F9B5F500C33725 /* Quotes.png */; };
		623C061C19F9B5F500C33725 /* Science.png in Resources */ = {isa = PBXBuildFile; fileRef = 623C05EF19F9B5F500C33725 /* Science.png */; };
		623C061D19F9B5F500C33725 /* Scores.png in Resources */ = {isa = PBXBuildFile; fileRef = 623C05F019F9B5F500C33725 /* Scores.png */; };
		623C061E19F9B5F500C33725 /* Sports.png in Resources */ = {isa = PBXBuildFile; fileRef = 623C05F119F9B5F500C33725 /* Sports.png */; };
		623C061F19F9B5F500C33725 /* TravelTourism.png in Resources */ = {isa = PBXBuildFile; fileRef = 623C05F219F9B5F500C33725 /* TravelTourism.png */; };
		623C062019F9B5F500C33725 /* TriviaramaLogo.png in Resources */ = {isa = PBXBuildFile; fileRef = 623C05F319F9B5F500C33725 /* TriviaramaLogo.png */; };
		623C062119F9B5F500C33725 /* Winner.png in Resources */ = {isa = PBXBuildFile; fileRef = 623C05F419F9B5F500C33725 /* Winner.png */; };
		623C062219F9B5F500C33725 /* WordOrigins.png in Resources */ = {isa = PBXBuildFile; fileRef = 623C05F519F9B5F500C33725 /* WordOrigins.png */; };
		6250D36019F8895D00AE9524 /* MenuViewController.m in Sources */ = {isa = PBXBuildFile; fileRef = 6250D35F19F8895D00AE9524 /* MenuViewController.m */; };
		6250D36319F8898D00AE9524 /* ScoresViewController.m in Sources */ = {isa = PBXBuildFile; fileRef = 6250D36219F8898D00AE9524 /* ScoresViewController.m */; };
		6250D36619F889B200AE9524 /* FARMViewController.m in Sources */ = {isa = PBXBuildFile; fileRef = 6250D36519F889B200AE9524 /* FARMViewController.m */; };
		6250D36919F889D500AE9524 /* GameViewController.m in Sources */ = {isa = PBXBuildFile; fileRef = 6250D36819F889D500AE9524 /* GameViewController.m */; };
		62570D1E19F954990038B2C2 /* CustomNavigationController.m in Sources */ = {isa = PBXBuildFile; fileRef = 62570D1D19F954990038B2C2 /* CustomNavigationController.m */; };
		62896C4019F31E6C00224684 /* main.m in Sources */ = {isa = PBXBuildFile; fileRef = 62896C3F19F31E6C00224684 /* main.m */; };
		62896C4319F31E6C00224684 /* AppDelegate.m in Sources */ = {isa = PBXBuildFile; fileRef = 62896C4219F31E6C00224684 /* AppDelegate.m */; };
		62896C4619F31E6C00224684 /* TriviaramaViewController.m in Sources */ = {isa = PBXBuildFile; fileRef = 62896C4519F31E6C00224684 /* TriviaramaViewController.m */; };
		62896C4919F31E6C00224684 /* Main.storyboard in Resources */ = {isa = PBXBuildFile; fileRef = 62896C4719F31E6C00224684 /* Main.storyboard */; };
		62896C4B19F31E6C00224684 /* Images.xcassets in Resources */ = {isa = PBXBuildFile; fileRef = 62896C4A19F31E6C00224684 /* Images.xcassets */; };
		62896C4E19F31E6C00224684 /* LaunchScreen.xib in Resources */ = {isa = PBXBuildFile; fileRef = 62896C4C19F31E6C00224684 /* LaunchScreen.xib */; };
		62896C5A19F31E6C00224684 /* TriviaramaTests.m in Sources */ = {isa = PBXBuildFile; fileRef = 62896C5919F31E6C00224684 /* TriviaramaTests.m */; };
		96E86C4F19FB3A3700BA059B /* Scores.xcdatamodeld in Sources */ = {isa = PBXBuildFile; fileRef = 96E86C4D19FB3A3700BA059B /* Scores.xcdatamodeld */; };
		96E86C5219FB3CDB00BA059B /* Scores.m in Sources */ = {isa = PBXBuildFile; fileRef = 96E86C5119FB3CDB00BA059B /* Scores.m */; };
		96E86C5419FB3D2500BA059B /* CoreGraphics.framework in Frameworks */ = {isa = PBXBuildFile; fileRef = 96E86C5319FB3D2500BA059B /* CoreGraphics.framework */; };
		96E86C5619FB3D2E00BA059B /* Foundation.framework in Frameworks */ = {isa = PBXBuildFile; fileRef = 96E86C5519FB3D2E00BA059B /* Foundation.framework */; };
		96E86C5719FB3D3200BA059B /* UIKit.framework in Frameworks */ = {isa = PBXBuildFile; fileRef = 62570D1A19F951B50038B2C2 /* UIKit.framework */; };
		96E86C5B19FB4B8D00BA059B /* DataBaseManagement.m in Sources */ = {isa = PBXBuildFile; fileRef = 96E86C5A19FB4B8D00BA059B /* DataBaseManagement.m */; };
/* End PBXBuildFile section */

/* Begin PBXContainerItemProxy section */
		62896C5419F31E6C00224684 /* PBXContainerItemProxy */ = {
			isa = PBXContainerItemProxy;
			containerPortal = 62896C3219F31E6C00224684 /* Project object */;
			proxyType = 1;
			remoteGlobalIDString = 62896C3919F31E6C00224684;
			remoteInfo = Triviarama;
		};
/* End PBXContainerItemProxy section */

/* Begin PBXFileReference section */
		623C05C919F9B5F500C33725 /* Animals.png */ = {isa = PBXFileReference; lastKnownFileType = image.png; name = Animals.png; path = ../Animals.png; sourceTree = "<group>"; };
		623C05CA19F9B5F500C33725 /* BooksAuthors.png */ = {isa = PBXFileReference; lastKnownFileType = image.png; name = BooksAuthors.png; path = ../BooksAuthors.png; sourceTree = "<group>"; };
		623C05CB19F9B5F500C33725 /* BotonScores.png */ = {isa = PBXFileReference; lastKnownFileType = image.png; name = BotonScores.png; path = ../BotonScores.png; sourceTree = "<group>"; };
		623C05CC19F9B5F500C33725 /* BotonStart.png */ = {isa = PBXFileReference; lastKnownFileType = image.png; name = BotonStart.png; path = ../BotonStart.png; sourceTree = "<group>"; };
		623C05CD19F9B5F500C33725 /* CartaAdelanteAmarillo.png */ = {isa = PBXFileReference; lastKnownFileType = image.png; name = CartaAdelanteAmarillo.png; path = ../CartaAdelanteAmarillo.png; sourceTree = "<group>"; };
		623C05CE19F9B5F500C33725 /* CartaAdelanteAqua.png */ = {isa = PBXFileReference; lastKnownFileType = image.png; name = CartaAdelanteAqua.png; path = ../CartaAdelanteAqua.png; sourceTree = "<group>"; };
		623C05CF19F9B5F500C33725 /* CartaAdelanteAzul.png */ = {isa = PBXFileReference; lastKnownFileType = image.png; name = CartaAdelanteAzul.png; path = ../CartaAdelanteAzul.png; sourceTree = "<group>"; };
		623C05D019F9B5F500C33725 /* CartaAdelanteNaranja.png */ = {isa = PBXFileReference; lastKnownFileType = image.png; name = CartaAdelanteNaranja.png; path = ../CartaAdelanteNaranja.png; sourceTree = "<group>"; };
		623C05D119F9B5F500C33725 /* CartaAdelanteRoja.png */ = {isa = PBXFileReference; lastKnownFileType = image.png; name = CartaAdelanteRoja.png; path = ../CartaAdelanteRoja.png; sourceTree = "<group>"; };
		623C05D219F9B5F500C33725 /* CartaAdelanteRoja2.png */ = {isa = PBXFileReference; lastKnownFileType = image.png; name = CartaAdelanteRoja2.png; path = ../CartaAdelanteRoja2.png; sourceTree = "<group>"; };
		623C05D319F9B5F500C33725 /* CartaAdelanteRosa.png */ = {isa = PBXFileReference; lastKnownFileType = image.png; name = CartaAdelanteRosa.png; path = ../CartaAdelanteRosa.png; sourceTree = "<group>"; };
		623C05D419F9B5F500C33725 /* CartaAdelanteRosa2.png */ = {isa = PBXFileReference; lastKnownFileType = image.png; name = CartaAdelanteRosa2.png; path = ../CartaAdelanteRosa2.png; sourceTree = "<group>"; };
		623C05D519F9B5F500C33725 /* CartaAdelanteTurquesa.png */ = {isa = PBXFileReference; lastKnownFileType = image.png; name = CartaAdelanteTurquesa.png; path = ../CartaAdelanteTurquesa.png; sourceTree = "<group>"; };
		623C05D619F9B5F500C33725 /* CartaAdelanteVerde.png */ = {isa = PBXFileReference; lastKnownFileType = image.png; name = CartaAdelanteVerde.png; path = ../CartaAdelanteVerde.png; sourceTree = "<group>"; };
		623C05D719F9B5F500C33725 /* CartaAdelanteVerdeClaro.png */ = {isa = PBXFileReference; lastKnownFileType = image.png; name = CartaAdelanteVerdeClaro.png; path = ../CartaAdelanteVerdeClaro.png; sourceTree = "<group>"; };
		623C05D819F9B5F500C33725 /* CartaAtrasAmarillo.png */ = {isa = PBXFileReference; lastKnownFileType = image.png; name = CartaAtrasAmarillo.png; path = ../CartaAtrasAmarillo.png; sourceTree = "<group>"; };
		623C05D919F9B5F500C33725 /* CartaAtrasAqua.png */ = {isa = PBXFileReference; lastKnownFileType = image.png; name = CartaAtrasAqua.png; path = ../CartaAtrasAqua.png; sourceTree = "<group>"; };
		623C05DA19F9B5F500C33725 /* CartaAtrasAzul.png */ = {isa = PBXFileReference; lastKnownFileType = image.png; name = CartaAtrasAzul.png; path = ../CartaAtrasAzul.png; sourceTree = "<group>"; };
		623C05DB19F9B5F500C33725 /* CartaAtrasNaranja.png */ = {isa = PBXFileReference; lastKnownFileType = image.png; name = CartaAtrasNaranja.png; path = ../CartaAtrasNaranja.png; sourceTree = "<group>"; };
		623C05DC19F9B5F500C33725 /* CartaAtrasRoja.png */ = {isa = PBXFileReference; lastKnownFileType = image.png; name = CartaAtrasRoja.png; path = ../CartaAtrasRoja.png; sourceTree = "<group>"; };
		623C05DD19F9B5F500C33725 /* CartaAtrasRoja2.png */ = {isa = PBXFileReference; lastKnownFileType = image.png; name = CartaAtrasRoja2.png; path = ../CartaAtrasRoja2.png; sourceTree = "<group>"; };
		623C05DE19F9B5F500C33725 /* CartaAtrasRosa.png */ = {isa = PBXFileReference; lastKnownFileType = image.png; name = CartaAtrasRosa.png; path = ../CartaAtrasRosa.png; sourceTree = "<group>"; };
		623C05DF19F9B5F500C33725 /* CartaAtrasRosa2.png */ = {isa = PBXFileReference; lastKnownFileType = image.png; name = CartaAtrasRosa2.png; path = ../CartaAtrasRosa2.png; sourceTree = "<group>"; };
		623C05E019F9B5F500C33725 /* CartaAtrasTurquesa.png */ = {isa = PBXFileReference; lastKnownFileType = image.png; name = CartaAtrasTurquesa.png; path = ../CartaAtrasTurquesa.png; sourceTree = "<group>"; };
		623C05E119F9B5F500C33725 /* CartaAtrasVerde.png */ = {isa = PBXFileReference; lastKnownFileType = image.png; name = CartaAtrasVerde.png; path = ../CartaAtrasVerde.png; sourceTree = "<group>"; };
		623C05E219F9B5F500C33725 /* CartaAtrasVerdeClaro.png */ = {isa = PBXFileReference; lastKnownFileType = image.png; name = CartaAtrasVerdeClaro.png; path = ../CartaAtrasVerdeClaro.png; sourceTree = "<group>"; };
		623C05E319F9B5F500C33725 /* Farm.png */ = {isa = PBXFileReference; lastKnownFileType = image.png; name = Farm.png; path = ../Farm.png; sourceTree = "<group>"; };
		623C05E419F9B5F500C33725 /* FarmLogo.png */ = {isa = PBXFileReference; lastKnownFileType = image.png; name = FarmLogo.png; path = ../FarmLogo.png; sourceTree = "<group>"; };
		623C05E519F9B5F500C33725 /* Fashion.png */ = {isa = PBXFileReference; lastKnownFileType = image.png; name = Fashion.png; path = ../Fashion.png; sourceTree = "<group>"; };
		623C05E619F9B5F500C33725 /* Food.png */ = {isa = PBXFileReference; lastKnownFileType = image.png; name = Food.png; path = ../Food.png; sourceTree = "<group>"; };
		623C05E719F9B5F500C33725 /* History.png */ = {isa = PBXFileReference; lastKnownFileType = image.png; name = History.png; path = ../History.png; sourceTree = "<group>"; };
		623C05E819F9B5F500C33725 /* ipadBackground.jpg */ = {isa = PBXFileReference; lastKnownFileType = image.jpeg; name = ipadBackground.jpg; path = ../ipadBackground.jpg; sourceTree = "<group>"; };
		623C05E919F9B5F500C33725 /* ipadBackgroundPantallaInicio.jpg */ = {isa = PBXFileReference; lastKnownFileType = image.jpeg; name = ipadBackgroundPantallaInicio.jpg; path = ../ipadBackgroundPantallaInicio.jpg; sourceTree = "<group>"; };
		623C05EA19F9B5F500C33725 /* Loser.png */ = {isa = PBXFileReference; lastKnownFileType = image.png; name = Loser.png; path = ../Loser.png; sourceTree = "<group>"; };
		623C05EB19F9B5F500C33725 /* Menu.png */ = {isa = PBXFileReference; lastKnownFileType = image.png; name = Menu.png; path = ../Menu.png; sourceTree = "<group>"; };
		623C05EC19F9B5F500C33725 /* Movies.png */ = {isa = PBXFileReference; lastKnownFileType = image.png; name = Movies.png; path = ../Movies.png; sourceTree = "<group>"; };
		623C05ED19F9B5F500C33725 /* PantallaInicioIpad.jpg */ = {isa = PBXFileReference; lastKnownFileType = image.jpeg; name = PantallaInicioIpad.jpg; path = ../PantallaInicioIpad.jpg; sourceTree = "<group>"; };
		623C05EE19F9B5F500C33725 /* Quotes.png */ = {isa = PBXFileReference; lastKnownFileType = image.png; name = Quotes.png; path = ../Quotes.png; sourceTree = "<group>"; };
		623C05EF19F9B5F500C33725 /* Science.png */ = {isa = PBXFileReference; lastKnownFileType = image.png; name = Science.png; path = ../Science.png; sourceTree = "<group>"; };
		623C05F019F9B5F500C33725 /* Scores.png */ = {isa = PBXFileReference; lastKnownFileType = image.png; name = Scores.png; path = ../Scores.png; sourceTree = "<group>"; };
		623C05F119F9B5F500C33725 /* Sports.png */ = {isa = PBXFileReference; lastKnownFileType = image.png; name = Sports.png; path = ../Sports.png; sourceTree = "<group>"; };
		623C05F219F9B5F500C33725 /* TravelTourism.png */ = {isa = PBXFileReference; lastKnownFileType = image.png; name = TravelTourism.png; path = ../TravelTourism.png; sourceTree = "<group>"; };
		623C05F319F9B5F500C33725 /* TriviaramaLogo.png */ = {isa = PBXFileReference; lastKnownFileType = image.png; path = TriviaramaLogo.png; sourceTree = SOURCE_ROOT; };
		623C05F419F9B5F500C33725 /* Winner.png */ = {isa = PBXFileReference; lastKnownFileType = image.png; name = Winner.png; path = ../Winner.png; sourceTree = "<group>"; };
		623C05F519F9B5F500C33725 /* WordOrigins.png */ = {isa = PBXFileReference; lastKnownFileType = image.png; name = WordOrigins.png; path = ../WordOrigins.png; sourceTree = "<group>"; };
		6250D35E19F8895D00AE9524 /* MenuViewController.h */ = {isa = PBXFileReference; fileEncoding = 4; lastKnownFileType = sourcecode.c.h; path = MenuViewController.h; sourceTree = "<group>"; };
		6250D35F19F8895D00AE9524 /* MenuViewController.m */ = {isa = PBXFileReference; fileEncoding = 4; lastKnownFileType = sourcecode.c.objc; path = MenuViewController.m; sourceTree = "<group>"; };
		6250D36119F8898D00AE9524 /* ScoresViewController.h */ = {isa = PBXFileReference; fileEncoding = 4; lastKnownFileType = sourcecode.c.h; path = ScoresViewController.h; sourceTree = "<group>"; };
		6250D36219F8898D00AE9524 /* ScoresViewController.m */ = {isa = PBXFileReference; fileEncoding = 4; lastKnownFileType = sourcecode.c.objc; path = ScoresViewController.m; sourceTree = "<group>"; };
		6250D36419F889B200AE9524 /* FARMViewController.h */ = {isa = PBXFileReference; fileEncoding = 4; lastKnownFileType = sourcecode.c.h; path = FARMViewController.h; sourceTree = "<group>"; };
		6250D36519F889B200AE9524 /* FARMViewController.m */ = {isa = PBXFileReference; fileEncoding = 4; lastKnownFileType = sourcecode.c.objc; path = FARMViewController.m; sourceTree = "<group>"; };
		6250D36719F889D500AE9524 /* GameViewController.h */ = {isa = PBXFileReference; fileEncoding = 4; lastKnownFileType = sourcecode.c.h; path = GameViewController.h; sourceTree = "<group>"; };
		6250D36819F889D500AE9524 /* GameViewController.m */ = {isa = PBXFileReference; fileEncoding = 4; lastKnownFileType = sourcecode.c.objc; path = GameViewController.m; sourceTree = "<group>"; };
		62570D1A19F951B50038B2C2 /* UIKit.framework */ = {isa = PBXFileReference; lastKnownFileType = wrapper.framework; name = UIKit.framework; path = System/Library/Frameworks/UIKit.framework; sourceTree = SDKROOT; };
		62570D1C19F954990038B2C2 /* CustomNavigationController.h */ = {isa = PBXFileReference; fileEncoding = 4; lastKnownFileType = sourcecode.c.h; path = CustomNavigationController.h; sourceTree = "<group>"; };
		62570D1D19F954990038B2C2 /* CustomNavigationController.m */ = {isa = PBXFileReference; fileEncoding = 4; lastKnownFileType = sourcecode.c.objc; path = CustomNavigationController.m; sourceTree = "<group>"; };
		62896C3A19F31E6C00224684 /* Triviarama.app */ = {isa = PBXFileReference; explicitFileType = wrapper.application; includeInIndex = 0; path = Triviarama.app; sourceTree = BUILT_PRODUCTS_DIR; };
		62896C3E19F31E6C00224684 /* Info.plist */ = {isa = PBXFileReference; lastKnownFileType = text.plist.xml; path = Info.plist; sourceTree = "<group>"; };
		62896C3F19F31E6C00224684 /* main.m */ = {isa = PBXFileReference; lastKnownFileType = sourcecode.c.objc; path = main.m; sourceTree = "<group>"; };
		62896C4119F31E6C00224684 /* AppDelegate.h */ = {isa = PBXFileReference; lastKnownFileType = sourcecode.c.h; path = AppDelegate.h; sourceTree = "<group>"; };
		62896C4219F31E6C00224684 /* AppDelegate.m */ = {isa = PBXFileReference; lastKnownFileType = sourcecode.c.objc; path = AppDelegate.m; sourceTree = "<group>"; };
		62896C4419F31E6C00224684 /* TriviaramaViewController.h */ = {isa = PBXFileReference; lastKnownFileType = sourcecode.c.h; path = TriviaramaViewController.h; sourceTree = "<group>"; };
		62896C4519F31E6C00224684 /* TriviaramaViewController.m */ = {isa = PBXFileReference; lastKnownFileType = sourcecode.c.objc; path = TriviaramaViewController.m; sourceTree = "<group>"; };
		62896C4819F31E6C00224684 /* Base */ = {isa = PBXFileReference; lastKnownFileType = file.storyboard; name = Base; path = Base.lproj/Main.storyboard; sourceTree = "<group>"; };
		62896C4A19F31E6C00224684 /* Images.xcassets */ = {isa = PBXFileReference; lastKnownFileType = folder.assetcatalog; path = Images.xcassets; sourceTree = "<group>"; };
		62896C4D19F31E6C00224684 /* Base */ = {isa = PBXFileReference; lastKnownFileType = file.xib; name = Base; path = Base.lproj/LaunchScreen.xib; sourceTree = "<group>"; };
		62896C5319F31E6C00224684 /* TriviaramaTests.xctest */ = {isa = PBXFileReference; explicitFileType = wrapper.cfbundle; includeInIndex = 0; path = TriviaramaTests.xctest; sourceTree = BUILT_PRODUCTS_DIR; };
		62896C5819F31E6C00224684 /* Info.plist */ = {isa = PBXFileReference; lastKnownFileType = text.plist.xml; path = Info.plist; sourceTree = "<group>"; };
		62896C5919F31E6C00224684 /* TriviaramaTests.m */ = {isa = PBXFileReference; lastKnownFileType = sourcecode.c.objc; path = TriviaramaTests.m; sourceTree = "<group>"; };
		96E86C4E19FB3A3700BA059B /* Scores.xcdatamodel */ = {isa = PBXFileReference; lastKnownFileType = wrapper.xcdatamodel; path = Scores.xcdatamodel; sourceTree = "<group>"; };
		96E86C5019FB3CDB00BA059B /* Scores.h */ = {isa = PBXFileReference; fileEncoding = 4; lastKnownFileType = sourcecode.c.h; path = Scores.h; sourceTree = "<group>"; };
		96E86C5119FB3CDB00BA059B /* Scores.m */ = {isa = PBXFileReference; fileEncoding = 4; lastKnownFileType = sourcecode.c.objc; path = Scores.m; sourceTree = "<group>"; };
		96E86C5319FB3D2500BA059B /* CoreGraphics.framework */ = {isa = PBXFileReference; lastKnownFileType = wrapper.framework; name = CoreGraphics.framework; path = System/Library/Frameworks/CoreGraphics.framework; sourceTree = SDKROOT; };
		96E86C5519FB3D2E00BA059B /* Foundation.framework */ = {isa = PBXFileReference; lastKnownFileType = wrapper.framework; name = Foundation.framework; path = System/Library/Frameworks/Foundation.framework; sourceTree = SDKROOT; };
		96E86C5919FB4B8D00BA059B /* DataBaseManagement.h */ = {isa = PBXFileReference; fileEncoding = 4; lastKnownFileType = sourcecode.c.h; path = DataBaseManagement.h; sourceTree = "<group>"; };
		96E86C5A19FB4B8D00BA059B /* DataBaseManagement.m */ = {isa = PBXFileReference; fileEncoding = 4; lastKnownFileType = sourcecode.c.objc; path = DataBaseManagement.m; sourceTree = "<group>"; };
/* End PBXFileReference section */

/* Begin PBXFrameworksBuildPhase section */
		62896C3719F31E6C00224684 /* Frameworks */ = {
			isa = PBXFrameworksBuildPhase;
			buildActionMask = 2147483647;
			files = (
				96E86C5619FB3D2E00BA059B /* Foundation.framework in Frameworks */,
				96E86C5419FB3D2500BA059B /* CoreGraphics.framework in Frameworks */,
				96E86C5719FB3D3200BA059B /* UIKit.framework in Frameworks */,
			);
			runOnlyForDeploymentPostprocessing = 0;
		};
		62896C5019F31E6C00224684 /* Frameworks */ = {
			isa = PBXFrameworksBuildPhase;
			buildActionMask = 2147483647;
			files = (
			);
			runOnlyForDeploymentPostprocessing = 0;
		};
/* End PBXFrameworksBuildPhase section */

/* Begin PBXGroup section */
		6250D35D19F887FA00AE9524 /* ViewControllers */ = {
			isa = PBXGroup;
			children = (
				62896C4419F31E6C00224684 /* TriviaramaViewController.h */,
				62896C4519F31E6C00224684 /* TriviaramaViewController.m */,
				6250D35E19F8895D00AE9524 /* MenuViewController.h */,
				6250D35F19F8895D00AE9524 /* MenuViewController.m */,
				6250D36119F8898D00AE9524 /* ScoresViewController.h */,
				6250D36219F8898D00AE9524 /* ScoresViewController.m */,
				6250D36419F889B200AE9524 /* FARMViewController.h */,
				6250D36519F889B200AE9524 /* FARMViewController.m */,
				6250D36719F889D500AE9524 /* GameViewController.h */,
				6250D36819F889D500AE9524 /* GameViewController.m */,
			);
			name = ViewControllers;
			sourceTree = "<group>";
		};
		62567D4419F322A800F33BB8 /* images */ = {
			isa = PBXGroup;
			children = (
				623C05C919F9B5F500C33725 /* Animals.png */,
				623C05CA19F9B5F500C33725 /* BooksAuthors.png */,
				623C05CB19F9B5F500C33725 /* BotonScores.png */,
				623C05CC19F9B5F500C33725 /* BotonStart.png */,
				623C05CD19F9B5F500C33725 /* CartaAdelanteAmarillo.png */,
				623C05CE19F9B5F500C33725 /* CartaAdelanteAqua.png */,
				623C05CF19F9B5F500C33725 /* CartaAdelanteAzul.png */,
				623C05D019F9B5F500C33725 /* CartaAdelanteNaranja.png */,
				623C05D119F9B5F500C33725 /* CartaAdelanteRoja.png */,
				623C05D219F9B5F500C33725 /* CartaAdelanteRoja2.png */,
				623C05D319F9B5F500C33725 /* CartaAdelanteRosa.png */,
				623C05D419F9B5F500C33725 /* CartaAdelanteRosa2.png */,
				623C05D519F9B5F500C33725 /* CartaAdelanteTurquesa.png */,
				623C05D619F9B5F500C33725 /* CartaAdelanteVerde.png */,
				623C05D719F9B5F500C33725 /* CartaAdelanteVerdeClaro.png */,
				623C05D819F9B5F500C33725 /* CartaAtrasAmarillo.png */,
				623C05D919F9B5F500C33725 /* CartaAtrasAqua.png */,
				623C05DA19F9B5F500C33725 /* CartaAtrasAzul.png */,
				623C05DB19F9B5F500C33725 /* CartaAtrasNaranja.png */,
				623C05DC19F9B5F500C33725 /* CartaAtrasRoja.png */,
				623C05DD19F9B5F500C33725 /* CartaAtrasRoja2.png */,
				623C05DE19F9B5F500C33725 /* CartaAtrasRosa.png */,
				623C05DF19F9B5F500C33725 /* CartaAtrasRosa2.png */,
				623C05E019F9B5F500C33725 /* CartaAtrasTurquesa.png */,
				623C05E119F9B5F500C33725 /* CartaAtrasVerde.png */,
				623C05E219F9B5F500C33725 /* CartaAtrasVerdeClaro.png */,
				623C05E319F9B5F500C33725 /* Farm.png */,
				623C05E419F9B5F500C33725 /* FarmLogo.png */,
				623C05E519F9B5F500C33725 /* Fashion.png */,
				623C05E619F9B5F500C33725 /* Food.png */,
				623C05E719F9B5F500C33725 /* History.png */,
				623C05E819F9B5F500C33725 /* ipadBackground.jpg */,
				623C05E919F9B5F500C33725 /* ipadBackgroundPantallaInicio.jpg */,
				623C05EA19F9B5F500C33725 /* Loser.png */,
				623C05EB19F9B5F500C33725 /* Menu.png */,
				623C05EC19F9B5F500C33725 /* Movies.png */,
				623C05ED19F9B5F500C33725 /* PantallaInicioIpad.jpg */,
				623C05EE19F9B5F500C33725 /* Quotes.png */,
				623C05EF19F9B5F500C33725 /* Science.png */,
				623C05F019F9B5F500C33725 /* Scores.png */,
				623C05F119F9B5F500C33725 /* Sports.png */,
				623C05F219F9B5F500C33725 /* TravelTourism.png */,
				623C05F319F9B5F500C33725 /* TriviaramaLogo.png */,
				623C05F419F9B5F500C33725 /* Winner.png */,
				623C05F519F9B5F500C33725 /* WordOrigins.png */,
			);
			name = images;
			sourceTree = "<group>";
		};
		62896C3119F31E6C00224684 = {
			isa = PBXGroup;
			children = (
				96E86C5519FB3D2E00BA059B /* Foundation.framework */,
				96E86C5319FB3D2500BA059B /* CoreGraphics.framework */,
				62570D1A19F951B50038B2C2 /* UIKit.framework */,
				62896C3C19F31E6C00224684 /* Triviarama */,
				62896C5619F31E6C00224684 /* TriviaramaTests */,
				62896C3B19F31E6C00224684 /* Products */,
			);
			sourceTree = "<group>";
		};
		62896C3B19F31E6C00224684 /* Products */ = {
			isa = PBXGroup;
			children = (
				62896C3A19F31E6C00224684 /* Triviarama.app */,
				62896C5319F31E6C00224684 /* TriviaramaTests.xctest */,
			);
			name = Products;
			sourceTree = "<group>";
		};
		62896C3C19F31E6C00224684 /* Triviarama */ = {
			isa = PBXGroup;
			children = (
				62896C4719F31E6C00224684 /* Main.storyboard */,
				96E86C4D19FB3A3700BA059B /* Scores.xcdatamodeld */,
				6250D35D19F887FA00AE9524 /* ViewControllers */,
				62567D4419F322A800F33BB8 /* images */,
				96E86C5819FB3D8A00BA059B /* Clases */,
				62896C4119F31E6C00224684 /* AppDelegate.h */,
				62896C4219F31E6C00224684 /* AppDelegate.m */,
				96E86C5C19FB4B9800BA059B /* DataBaseManagement */,
				62896C3D19F31E6C00224684 /* Supporting Files */,
				62570D1C19F954990038B2C2 /* CustomNavigationController.h */,
				62570D1D19F954990038B2C2 /* CustomNavigationController.m */,
				62896C4A19F31E6C00224684 /* Images.xcassets */,
				62896C4C19F31E6C00224684 /* LaunchScreen.xib */,
			);
			path = Triviarama;
			sourceTree = "<group>";
		};
		62896C3D19F31E6C00224684 /* Supporting Files */ = {
			isa = PBXGroup;
			children = (
				62896C3E19F31E6C00224684 /* Info.plist */,
				62896C3F19F31E6C00224684 /* main.m */,
			);
			name = "Supporting Files";
			sourceTree = "<group>";
		};
		62896C5619F31E6C00224684 /* TriviaramaTests */ = {
			isa = PBXGroup;
			children = (
				62896C5919F31E6C00224684 /* TriviaramaTests.m */,
				62896C5719F31E6C00224684 /* Supporting Files */,
			);
			path = TriviaramaTests;
			sourceTree = "<group>";
		};
		62896C5719F31E6C00224684 /* Supporting Files */ = {
			isa = PBXGroup;
			children = (
				62896C5819F31E6C00224684 /* Info.plist */,
			);
			name = "Supporting Files";
			sourceTree = "<group>";
		};
		96E86C5819FB3D8A00BA059B /* Clases */ = {
			isa = PBXGroup;
			children = (
				96E86C5019FB3CDB00BA059B /* Scores.h */,
				96E86C5119FB3CDB00BA059B /* Scores.m */,
			);
			name = Clases;
			sourceTree = "<group>";
		};
		96E86C5C19FB4B9800BA059B /* DataBaseManagement */ = {
			isa = PBXGroup;
			children = (
				96E86C5919FB4B8D00BA059B /* DataBaseManagement.h */,
				96E86C5A19FB4B8D00BA059B /* DataBaseManagement.m */,
			);
			name = DataBaseManagement;
			sourceTree = "<group>";
		};
/* End PBXGroup section */

/* Begin PBXNativeTarget section */
		62896C3919F31E6C00224684 /* Triviarama */ = {
			isa = PBXNativeTarget;
			buildConfigurationList = 62896C5D19F31E6C00224684 /* Build configuration list for PBXNativeTarget "Triviarama" */;
			buildPhases = (
				62896C3619F31E6C00224684 /* Sources */,
				62896C3719F31E6C00224684 /* Frameworks */,
				62896C3819F31E6C00224684 /* Resources */,
			);
			buildRules = (
			);
			dependencies = (
			);
			name = Triviarama;
			productName = Triviarama;
			productReference = 62896C3A19F31E6C00224684 /* Triviarama.app */;
			productType = "com.apple.product-type.application";
		};
		62896C5219F31E6C00224684 /* TriviaramaTests */ = {
			isa = PBXNativeTarget;
			buildConfigurationList = 62896C6019F31E6C00224684 /* Build configuration list for PBXNativeTarget "TriviaramaTests" */;
			buildPhases = (
				62896C4F19F31E6C00224684 /* Sources */,
				62896C5019F31E6C00224684 /* Frameworks */,
				62896C5119F31E6C00224684 /* Resources */,
			);
			buildRules = (
			);
			dependencies = (
				62896C5519F31E6C00224684 /* PBXTargetDependency */,
			);
			name = TriviaramaTests;
			productName = TriviaramaTests;
			productReference = 62896C5319F31E6C00224684 /* TriviaramaTests.xctest */;
			productType = "com.apple.product-type.bundle.unit-test";
		};
/* End PBXNativeTarget section */

/* Begin PBXProject section */
		62896C3219F31E6C00224684 /* Project object */ = {
			isa = PBXProject;
			attributes = {
				LastUpgradeCheck = 0600;
				ORGANIZATIONNAME = ITESM;
				TargetAttributes = {
					62896C3919F31E6C00224684 = {
						CreatedOnToolsVersion = 6.0.1;
					};
					62896C5219F31E6C00224684 = {
						CreatedOnToolsVersion = 6.0.1;
						TestTargetID = 62896C3919F31E6C00224684;
					};
				};
			};
			buildConfigurationList = 62896C3519F31E6C00224684 /* Build configuration list for PBXProject "Triviarama" */;
			compatibilityVersion = "Xcode 3.2";
			developmentRegion = English;
			hasScannedForEncodings = 0;
			knownRegions = (
				en,
				Base,
			);
			mainGroup = 62896C3119F31E6C00224684;
			productRefGroup = 62896C3B19F31E6C00224684 /* Products */;
			projectDirPath = "";
			projectRoot = "";
			targets = (
				62896C3919F31E6C00224684 /* Triviarama */,
				62896C5219F31E6C00224684 /* TriviaramaTests */,
			);
		};
/* End PBXProject section */

/* Begin PBXResourcesBuildPhase section */
		62896C3819F31E6C00224684 /* Resources */ = {
			isa = PBXResourcesBuildPhase;
			buildActionMask = 2147483647;
			files = (
				623C05FD19F9B5F500C33725 /* CartaAdelanteNaranja.png in Resources */,
				623C05FE19F9B5F500C33725 /* CartaAdelanteRoja.png in Resources */,
				62896C4919F31E6C00224684 /* Main.storyboard in Resources */,
				623C060819F9B5F500C33725 /* CartaAtrasNaranja.png in Resources */,
				623C061C19F9B5F500C33725 /* Science.png in Resources */,
				623C061519F9B5F500C33725 /* ipadBackground.jpg in Resources */,
				623C05FC19F9B5F500C33725 /* CartaAdelanteAzul.png in Resources */,
				623C060419F9B5F500C33725 /* CartaAdelanteVerdeClaro.png in Resources */,
				623C061219F9B5F500C33725 /* Fashion.png in Resources */,
				623C060319F9B5F500C33725 /* CartaAdelanteVerde.png in Resources */,
				623C062019F9B5F500C33725 /* TriviaramaLogo.png in Resources */,
				623C061419F9B5F500C33725 /* History.png in Resources */,
				623C061819F9B5F500C33725 /* Menu.png in Resources */,
				623C05F819F9B5F500C33725 /* BotonScores.png in Resources */,
				623C05FF19F9B5F500C33725 /* CartaAdelanteRoja2.png in Resources */,
				623C060019F9B5F500C33725 /* CartaAdelanteRosa.png in Resources */,
				623C060A19F9B5F500C33725 /* CartaAtrasRoja2.png in Resources */,
				623C061D19F9B5F500C33725 /* Scores.png in Resources */,
				623C061119F9B5F500C33725 /* FarmLogo.png in Resources */,
				623C060F19F9B5F500C33725 /* CartaAtrasVerdeClaro.png in Resources */,
				62896C4E19F31E6C00224684 /* LaunchScreen.xib in Resources */,
				623C061919F9B5F500C33725 /* Movies.png in Resources */,
				623C061F19F9B5F500C33725 /* TravelTourism.png in Resources */,
				623C061319F9B5F500C33725 /* Food.png in Resources */,
				623C062119F9B5F500C33725 /* Winner.png in Resources */,
				623C062219F9B5F500C33725 /* WordOrigins.png in Resources */,
				623C05F919F9B5F500C33725 /* BotonStart.png in Resources */,
				623C060C19F9B5F500C33725 /* CartaAtrasRosa2.png in Resources */,
				623C060D19F9B5F500C33725 /* CartaAtrasTurquesa.png in Resources */,
				623C05F719F9B5F500C33725 /* BooksAuthors.png in Resources */,
				62896C4B19F31E6C00224684 /* Images.xcassets in Resources */,
				623C060719F9B5F500C33725 /* CartaAtrasAzul.png in Resources */,
				623C05FA19F9B5F500C33725 /* CartaAdelanteAmarillo.png in Resources */,
				623C05FB19F9B5F500C33725 /* CartaAdelanteAqua.png in Resources */,
				623C060619F9B5F500C33725 /* CartaAtrasAqua.png in Resources */,
				623C05F619F9B5F500C33725 /* Animals.png in Resources */,
				623C060E19F9B5F500C33725 /* CartaAtrasVerde.png in Resources */,
				623C061719F9B5F500C33725 /* Loser.png in Resources */,
				623C060519F9B5F500C33725 /* CartaAtrasAmarillo.png in Resources */,
				623C060119F9B5F500C33725 /* CartaAdelanteRosa2.png in Resources */,
				623C060219F9B5F500C33725 /* CartaAdelanteTurquesa.png in Resources */,
				623C061B19F9B5F500C33725 /* Quotes.png in Resources */,
				623C061A19F9B5F500C33725 /* PantallaInicioIpad.jpg in Resources */,
				623C061019F9B5F500C33725 /* Farm.png in Resources */,
				623C061E19F9B5F500C33725 /* Sports.png in Resources */,
				623C060919F9B5F500C33725 /* CartaAtrasRoja.png in Resources */,
				623C061619F9B5F500C33725 /* ipadBackgroundPantallaInicio.jpg in Resources */,
				623C060B19F9B5F500C33725 /* CartaAtrasRosa.png in Resources */,
			);
			runOnlyForDeploymentPostprocessing = 0;
		};
		62896C5119F31E6C00224684 /* Resources */ = {
			isa = PBXResourcesBuildPhase;
			buildActionMask = 2147483647;
			files = (
			);
			runOnlyForDeploymentPostprocessing = 0;
		};
/* End PBXResourcesBuildPhase section */

/* Begin PBXSourcesBuildPhase section */
		62896C3619F31E6C00224684 /* Sources */ = {
			isa = PBXSourcesBuildPhase;
			buildActionMask = 2147483647;
			files = (
				62896C4619F31E6C00224684 /* TriviaramaViewController.m in Sources */,
				6250D36319F8898D00AE9524 /* ScoresViewController.m in Sources */,
				96E86C5219FB3CDB00BA059B /* Scores.m in Sources */,
				6250D36919F889D500AE9524 /* GameViewController.m in Sources */,
				62896C4319F31E6C00224684 /* AppDelegate.m in Sources */,
				96E86C4F19FB3A3700BA059B /* Scores.xcdatamodeld in Sources */,
				62896C4019F31E6C00224684 /* main.m in Sources */,
				96E86C5B19FB4B8D00BA059B /* DataBaseManagement.m in Sources */,
				6250D36619F889B200AE9524 /* FARMViewController.m in Sources */,
				62570D1E19F954990038B2C2 /* CustomNavigationController.m in Sources */,
				6250D36019F8895D00AE9524 /* MenuViewController.m in Sources */,
			);
			runOnlyForDeploymentPostprocessing = 0;
		};
		62896C4F19F31E6C00224684 /* Sources */ = {
			isa = PBXSourcesBuildPhase;
			buildActionMask = 2147483647;
			files = (
				62896C5A19F31E6C00224684 /* TriviaramaTests.m in Sources */,
			);
			runOnlyForDeploymentPostprocessing = 0;
		};
/* End PBXSourcesBuildPhase section */

/* Begin PBXTargetDependency section */
		62896C5519F31E6C00224684 /* PBXTargetDependency */ = {
			isa = PBXTargetDependency;
			target = 62896C3919F31E6C00224684 /* Triviarama */;
			targetProxy = 62896C5419F31E6C00224684 /* PBXContainerItemProxy */;
		};
/* End PBXTargetDependency section */

/* Begin PBXVariantGroup section */
		62896C4719F31E6C00224684 /* Main.storyboard */ = {
			isa = PBXVariantGroup;
			children = (
				62896C4819F31E6C00224684 /* Base */,
			);
			name = Main.storyboard;
			sourceTree = "<group>";
		};
		62896C4C19F31E6C00224684 /* LaunchScreen.xib */ = {
			isa = PBXVariantGroup;
			children = (
				62896C4D19F31E6C00224684 /* Base */,
			);
			name = LaunchScreen.xib;
			sourceTree = "<group>";
		};
/* End PBXVariantGroup section */

/* Begin XCBuildConfiguration section */
		62896C5B19F31E6C00224684 /* Debug */ = {
			isa = XCBuildConfiguration;
			buildSettings = {
				ALWAYS_SEARCH_USER_PATHS = NO;
				CLANG_CXX_LANGUAGE_STANDARD = "gnu++0x";
				CLANG_CXX_LIBRARY = "libc++";
				CLANG_ENABLE_MODULES = YES;
				CLANG_ENABLE_OBJC_ARC = YES;
				CLANG_WARN_BOOL_CONVERSION = YES;
				CLANG_WARN_CONSTANT_CONVERSION = YES;
				CLANG_WARN_DIRECT_OBJC_ISA_USAGE = YES_ERROR;
				CLANG_WARN_EMPTY_BODY = YES;
				CLANG_WARN_ENUM_CONVERSION = YES;
				CLANG_WARN_INT_CONVERSION = YES;
				CLANG_WARN_OBJC_ROOT_CLASS = YES_ERROR;
				CLANG_WARN_UNREACHABLE_CODE = YES;
				CLANG_WARN__DUPLICATE_METHOD_MATCH = YES;
				"CODE_SIGN_IDENTITY[sdk=iphoneos*]" = "iPhone Developer";
				COPY_PHASE_STRIP = NO;
				ENABLE_STRICT_OBJC_MSGSEND = YES;
				GCC_C_LANGUAGE_STANDARD = gnu99;
				GCC_DYNAMIC_NO_PIC = NO;
				GCC_OPTIMIZATION_LEVEL = 0;
				GCC_PREPROCESSOR_DEFINITIONS = (
					"DEBUG=1",
					"$(inherited)",
				);
				GCC_SYMBOLS_PRIVATE_EXTERN = NO;
				GCC_WARN_64_TO_32_BIT_CONVERSION = YES;
				GCC_WARN_ABOUT_RETURN_TYPE = YES_ERROR;
				GCC_WARN_UNDECLARED_SELECTOR = YES;
				GCC_WARN_UNINITIALIZED_AUTOS = YES_AGGRESSIVE;
				GCC_WARN_UNUSED_FUNCTION = YES;
				GCC_WARN_UNUSED_VARIABLE = YES;
				IPHONEOS_DEPLOYMENT_TARGET = 8.0;
				MTL_ENABLE_DEBUG_INFO = YES;
				ONLY_ACTIVE_ARCH = YES;
				SDKROOT = iphoneos;
				TARGETED_DEVICE_FAMILY = 2;
			};
			name = Debug;
		};
		62896C5C19F31E6C00224684 /* Release */ = {
			isa = XCBuildConfiguration;
			buildSettings = {
				ALWAYS_SEARCH_USER_PATHS = NO;
				CLANG_CXX_LANGUAGE_STANDARD = "gnu++0x";
				CLANG_CXX_LIBRARY = "libc++";
				CLANG_ENABLE_MODULES = YES;
				CLANG_ENABLE_OBJC_ARC = YES;
				CLANG_WARN_BOOL_CONVERSION = YES;
				CLANG_WARN_CONSTANT_CONVERSION = YES;
				CLANG_WARN_DIRECT_OBJC_ISA_USAGE = YES_ERROR;
				CLANG_WARN_EMPTY_BODY = YES;
				CLANG_WARN_ENUM_CONVERSION = YES;
				CLANG_WARN_INT_CONVERSION = YES;
				CLANG_WARN_OBJC_ROOT_CLASS = YES_ERROR;
				CLANG_WARN_UNREACHABLE_CODE = YES;
				CLANG_WARN__DUPLICATE_METHOD_MATCH = YES;
				"CODE_SIGN_IDENTITY[sdk=iphoneos*]" = "iPhone Developer";
				COPY_PHASE_STRIP = YES;
				ENABLE_NS_ASSERTIONS = NO;
				ENABLE_STRICT_OBJC_MSGSEND = YES;
				GCC_C_LANGUAGE_STANDARD = gnu99;
				GCC_WARN_64_TO_32_BIT_CONVERSION = YES;
				GCC_WARN_ABOUT_RETURN_TYPE = YES_ERROR;
				GCC_WARN_UNDECLARED_SELECTOR = YES;
				GCC_WARN_UNINITIALIZED_AUTOS = YES_AGGRESSIVE;
				GCC_WARN_UNUSED_FUNCTION = YES;
				GCC_WARN_UNUSED_VARIABLE = YES;
				IPHONEOS_DEPLOYMENT_TARGET = 8.0;
				MTL_ENABLE_DEBUG_INFO = NO;
				SDKROOT = iphoneos;
				TARGETED_DEVICE_FAMILY = 2;
				VALIDATE_PRODUCT = YES;
			};
			name = Release;
		};
		62896C5E19F31E6C00224684 /* Debug */ = {
			isa = XCBuildConfiguration;
			buildSettings = {
				ASSETCATALOG_COMPILER_APPICON_NAME = AppIcon;
				INFOPLIST_FILE = Triviarama/Info.plist;
				IPHONEOS_DEPLOYMENT_TARGET = 7.1;
				LD_RUNPATH_SEARCH_PATHS = "$(inherited) @executable_path/Frameworks";
				PRODUCT_NAME = "$(TARGET_NAME)";
			};
			name = Debug;
		};
		62896C5F19F31E6C00224684 /* Release */ = {
			isa = XCBuildConfiguration;
			buildSettings = {
				ASSETCATALOG_COMPILER_APPICON_NAME = AppIcon;
				INFOPLIST_FILE = Triviarama/Info.plist;
				IPHONEOS_DEPLOYMENT_TARGET = 7.1;
				LD_RUNPATH_SEARCH_PATHS = "$(inherited) @executable_path/Frameworks";
				PRODUCT_NAME = "$(TARGET_NAME)";
			};
			name = Release;
		};
		62896C6119F31E6C00224684 /* Debug */ = {
			isa = XCBuildConfiguration;
			buildSettings = {
				BUNDLE_LOADER = "$(TEST_HOST)";
				FRAMEWORK_SEARCH_PATHS = (
					"$(SDKROOT)/Developer/Library/Frameworks",
					"$(inherited)",
				);
				GCC_PREPROCESSOR_DEFINITIONS = (
					"DEBUG=1",
					"$(inherited)",
				);
				INFOPLIST_FILE = TriviaramaTests/Info.plist;
				IPHONEOS_DEPLOYMENT_TARGET = 7.1;
				LD_RUNPATH_SEARCH_PATHS = "$(inherited) @executable_path/Frameworks @loader_path/Frameworks";
				PRODUCT_NAME = "$(TARGET_NAME)";
				TEST_HOST = "$(BUILT_PRODUCTS_DIR)/Triviarama.app/Triviarama";
			};
			name = Debug;
		};
		62896C6219F31E6C00224684 /* Release */ = {
			isa = XCBuildConfiguration;
			buildSettings = {
				BUNDLE_LOADER = "$(TEST_HOST)";
				FRAMEWORK_SEARCH_PATHS = (
					"$(SDKROOT)/Developer/Library/Frameworks",
					"$(inherited)",
				);
				INFOPLIST_FILE = TriviaramaTests/Info.plist;
				IPHONEOS_DEPLOYMENT_TARGET = 7.1;
				LD_RUNPATH_SEARCH_PATHS = "$(inherited) @executable_path/Frameworks @loader_path/Frameworks";
				PRODUCT_NAME = "$(TARGET_NAME)";
				TEST_HOST = "$(BUILT_PRODUCTS_DIR)/Triviarama.app/Triviarama";
			};
			name = Release;
		};
/* End XCBuildConfiguration section */

/* Begin XCConfigurationList section */
		62896C3519F31E6C00224684 /* Build configuration list for PBXProject "Triviarama" */ = {
			isa = XCConfigurationList;
			buildConfigurations = (
				62896C5B19F31E6C00224684 /* Debug */,
				62896C5C19F31E6C00224684 /* Release */,
			);
			defaultConfigurationIsVisible = 0;
			defaultConfigurationName = Release;
		};
		62896C5D19F31E6C00224684 /* Build configuration list for PBXNativeTarget "Triviarama" */ = {
			isa = XCConfigurationList;
			buildConfigurations = (
				62896C5E19F31E6C00224684 /* Debug */,
				62896C5F19F31E6C00224684 /* Release */,
			);
			defaultConfigurationIsVisible = 0;
			defaultConfigurationName = Release;
		};
		62896C6019F31E6C00224684 /* Build configuration list for PBXNativeTarget "TriviaramaTests" */ = {
			isa = XCConfigurationList;
			buildConfigurations = (
				62896C6119F31E6C00224684 /* Debug */,
				62896C6219F31E6C00224684 /* Release */,
			);
			defaultConfigurationIsVisible = 0;
			defaultConfigurationName = Release;
		};
/* End XCConfigurationList section */

/* Begin XCVersionGroup section */
		96E86C4D19FB3A3700BA059B /* Scores.xcdatamodeld */ = {
			isa = XCVersionGroup;
			children = (
				96E86C4E19FB3A3700BA059B /* Scores.xcdatamodel */,
			);
			currentVersion = 96E86C4E19FB3A3700BA059B /* Scores.xcdatamodel */;
			path = Scores.xcdatamodeld;
			sourceTree = "<group>";
			versionGroupType = wrapper.xcdatamodel;
		};
/* End XCVersionGroup section */
	};
	rootObject = 62896C3219F31E6C00224684 /* Project object */;
}
